{
  "name": "circuits_copy",
  "lockfileVersion": 3,
  "requires": true,
  "packages": {
    "": {
      "dependencies": {
        "circomlib": "^2.0.5",
        "garaga": "^0.14.0"
      }
    },
    "node_modules/circomlib": {
      "version": "2.0.5",
      "resolved": "https://registry.npmjs.org/circomlib/-/circomlib-2.0.5.tgz",
      "integrity": "sha512-O7NQ8OS+J4eshBuoy36z/TwQU0YHw8W3zxZcs4hVwpEll3e4hDm3mgkIPqItN8FDeLEKZFK3YeT/+k8TiLF3/A=="
    },
    "node_modules/garaga": {
      "version": "0.14.0",
      "resolved": "https://registry.npmjs.org/garaga/-/garaga-0.14.0.tgz",
      "integrity": "sha512-+SZbHD7zpE7Iebd0YJ6CAl/4H4/pRBVYYbi9hMpKwNyR0DdraSrdjjYScHdZV5gYdxk+ui7tE2+5GG1dkhRJJw=="
    }
  }
}
